// !$*UTF8*$!
{
	archiveVersion = 1;
	classes = {
	};
	objectVersion = 50;
	objects = {

/* Begin PBXBuildFile section */
		311BC33B2565F38F000EC351 /* AppDelegate.m in Sources */ = {isa = PBXBuildFile; fileRef = 311BC33A2565F38F000EC351 /* AppDelegate.m */; };
		311BC33E2565F38F000EC351 /* SceneDelegate.m in Sources */ = {isa = PBXBuildFile; fileRef = 311BC33D2565F38F000EC351 /* SceneDelegate.m */; };
		311BC3412565F38F000EC351 /* ViewController.m in Sources */ = {isa = PBXBuildFile; fileRef = 311BC3402565F38F000EC351 /* ViewController.m */; };
		311BC3442565F38F000EC351 /* Main.storyboard in Resources */ = {isa = PBXBuildFile; fileRef = 311BC3422565F38F000EC351 /* Main.storyboard */; };
		311BC3462565F390000EC351 /* Assets.xcassets in Resources */ = {isa = PBXBuildFile; fileRef = 311BC3452565F390000EC351 /* Assets.xcassets */; };
		311BC3492565F390000EC351 /* LaunchScreen.storyboard in Resources */ = {isa = PBXBuildFile; fileRef = 311BC3472565F390000EC351 /* LaunchScreen.storyboard */; };
		311BC34C2565F390000EC351 /* main.m in Sources */ = {isa = PBXBuildFile; fileRef = 311BC34B2565F390000EC351 /* main.m */; };
/* End PBXBuildFile section */

/* Begin PBXFileReference section */
		311BC3362565F38F000EC351 /* 多线程二刷Demo.app */ = {isa = PBXFileReference; explicitFileType = wrapper.application; includeInIndex = 0; path = "多线程二刷Demo.app"; sourceTree = BUILT_PRODUCTS_DIR; };
		311BC3392565F38F000EC351 /* AppDelegate.h */ = {isa = PBXFileReference; lastKnownFileType = sourcecode.c.h; path = AppDelegate.h; sourceTree = "<group>"; };
		311BC33A2565F38F000EC351 /* AppDelegate.m */ = {isa = PBXFileReference; lastKnownFileType = sourcecode.c.objc; path = AppDelegate.m; sourceTree = "<group>"; };
		311BC33C2565F38F000EC351 /* SceneDelegate.h */ = {isa = PBXFileReference; lastKnownFileType = sourcecode.c.h; path = SceneDelegate.h; sourceTree = "<group>"; };
		311BC33D2565F38F000EC351 /* SceneDelegate.m */ = {isa = PBXFileReference; lastKnownFileType = sourcecode.c.objc; path = SceneDelegate.m; sourceTree = "<group>"; };
		311BC33F2565F38F000EC351 /* ViewController.h */ = {isa = PBXFileReference; lastKnownFileType = sourcecode.c.h; path = ViewController.h; sourceTree = "<group>"; };
		311BC3402565F38F000EC351 /* ViewController.m */ = {isa = PBXFileReference; lastKnownFileType = sourcecode.c.objc; path = ViewController.m; sourceTree = "<group>"; };
		311BC3432565F38F000EC351 /* Base */ = {isa = PBXFileReference; lastKnownFileType = file.storyboard; name = Base; path = Base.lproj/Main.storyboard; sourceTree = "<group>"; };
		311BC3452565F390000EC351 /* Assets.xcassets */ = {isa = PBXFileReference; lastKnownFileType = folder.assetcatalog; path = Assets.xcassets; sourceTree = "<group>"; };
		311BC3482565F390000EC351 /* Base */ = {isa = PBXFileReference; lastKnownFileType = file.storyboard; name = Base; path = Base.lproj/LaunchScreen.storyboard; sourceTree = "<group>"; };
		311BC34A2565F390000EC351 /* Info.plist */ = {isa = PBXFileReference; lastKnownFileType = text.plist.xml; path = Info.plist; sourceTree = "<group>"; };
		311BC34B2565F390000EC351 /* main.m */ = {isa = PBXFileReference; lastKnownFileType = sourcecode.c.objc; path = main.m; sourceTree = "<group>"; };
/* End PBXFileReference section */

/* Begin PBXFrameworksBuildPhase section */
		311BC3332565F38F000EC351 /* Frameworks */ = {
			isa = PBXFrameworksBuildPhase;
			buildActionMask = 2147483647;
			files = (
			);
			runOnlyForDeploymentPostprocessing = 0;
		};
/* End PBXFrameworksBuildPhase section */

/* Begin PBXGroup section */
		311BC32D2565F38F000EC351 = {
			isa = PBXGroup;
			children = (
				311BC3382565F38F000EC351 /* 多线程二刷Demo */,
				311BC3372565F38F000EC351 /* Products */,
			);
			sourceTree = "<group>";
		};
		311BC3372565F38F000EC351 /* Products */ = {
			isa = PBXGroup;
			children = (
				311BC3362565F38F000EC351 /* 多线程二刷Demo.app */,
			);
			name = Products;
			sourceTree = "<group>";
		};
		311BC3382565F38F000EC351 /* 多线程二刷Demo */ = {
			isa = PBXGroup;
			children = (
				311BC3392565F38F000EC351 /* AppDelegate.h */,
				311BC33A2565F38F000EC351 /* AppDelegate.m */,
				311BC33C2565F38F000EC351 /* SceneDelegate.h */,
				311BC33D2565F38F000EC351 /* SceneDelegate.m */,
				311BC33F2565F38F000EC351 /* ViewController.h */,
				311BC3402565F38F000EC351 /* ViewController.m */,
				311BC3422565F38F000EC351 /* Main.storyboard */,
				311BC3452565F390000EC351 /* Assets.xcassets */,
				311BC3472565F390000EC351 /* LaunchScreen.storyboard */,
				311BC34A2565F390000EC351 /* Info.plist */,
				311BC34B2565F390000EC351 /* main.m */,
			);
			path = "多线程二刷Demo";
			sourceTree = "<group>";
		};
/* End PBXGroup section */

/* Begin PBXNativeTarget section */
		311BC3352565F38F000EC351 /* 多线程二刷Demo */ = {
			isa = PBXNativeTarget;
			buildConfigurationList = 311BC34F2565F390000EC351 /* Build configuration list for PBXNativeTarget "多线程二刷Demo" */;
			buildPhases = (
				311BC3322565F38F000EC351 /* Sources */,
				311BC3332565F38F000EC351 /* Frameworks */,
				311BC3342565F38F000EC351 /* Resources */,
			);
			buildRules = (
			);
			dependencies = (
			);
			name = "多线程二刷Demo";
			productName = "多线程二刷Demo";
			productReference = 311BC3362565F38F000EC351 /* 多线程二刷Demo.app */;
			productType = "com.apple.product-type.application";
		};
/* End PBXNativeTarget section */

/* Begin PBXProject section */
		311BC32E2565F38F000EC351 /* Project object */ = {
			isa = PBXProject;
			attributes = {
				LastUpgradeCheck = 1130;
				ORGANIZATIONNAME = "冯才凡";
				TargetAttributes = {
					311BC3352565F38F000EC351 = {
						CreatedOnToolsVersion = 11.3.1;
					};
				};
			};
			buildConfigurationList = 311BC3312565F38F000EC351 /* Build configuration list for PBXProject "多线程二刷Demo" */;
			compatibilityVersion = "Xcode 9.3";
			developmentRegion = en;
			hasScannedForEncodings = 0;
			knownRegions = (
				en,
				Base,
			);
			mainGroup = 311BC32D2565F38F000EC351;
			productRefGroup = 311BC3372565F38F000EC351 /* Products */;
			projectDirPath = "";
			projectRoot = "";
			targets = (
				311BC3352565F38F000EC351 /* 多线程二刷Demo */,
			);
		};
/* End PBXProject section */

/* Begin PBXResourcesBuildPhase section */
		311BC3342565F38F000EC351 /* Resources */ = {
			isa = PBXResourcesBuildPhase;
			buildActionMask = 2147483647;
			files = (
				311BC3492565F390000EC351 /* LaunchScreen.storyboard in Resources */,
				311BC3462565F390000EC351 /* Assets.xcassets in Resources */,
				311BC3442565F38F000EC351 /* Main.storyboard in Resources */,
			);
			runOnlyForDeploymentPostprocessing = 0;
		};
/* End PBXResourcesBuildPhase section */

/* Begin PBXSourcesBuildPhase section */
		311BC3322565F38F000EC351 /* Sources */ = {
			isa = PBXSourcesBuildPhase;
			buildActionMask = 2147483647;
			files = (
				311BC3412565F38F000EC351 /* ViewController.m in Sources */,
				311BC33B2565F38F000EC351 /* AppDelegate.m in Sources */,
				311BC34C2565F390000EC351 /* main.m in Sources */,
				311BC33E2565F38F000EC351 /* SceneDelegate.m in Sources */,
			);
			runOnlyForDeploymentPostprocessing = 0;
		};
/* End PBXSourcesBuildPhase section */

/* Begin PBXVariantGroup section */
		311BC3422565F38F000EC351 /* Main.storyboard */ = {
			isa = PBXVariantGroup;
			children = (
				311BC3432565F38F000EC351 /* Base */,
			);
			name = Main.storyboard;
			sourceTree = "<group>";
		};
		311BC3472565F390000EC351 /* LaunchScreen.storyboard */ = {
			isa = PBXVariantGroup;
			children = (
				311BC3482565F390000EC351 /* Base */,
			);
			name = LaunchScreen.storyboard;
			sourceTree = "<group>";
		};
/* End PBXVariantGroup section */

/* Begin XCBuildConfiguration section */
		311BC34D2565F390000EC351 /* Debug */ = {
			isa = XCBuildConfiguration;
			buildSettings = {
				ALWAYS_SEARCH_USER_PATHS = NO;
				CLANG_ANALYZER_NONNULL = YES;
				CLANG_ANALYZER_NUMBER_OBJECT_CONVERSION = YES_AGGRESSIVE;
				CLANG_CXX_LANGUAGE_STANDARD = "gnu++14";
				CLANG_CXX_LIBRARY = "libc++";
				CLANG_ENABLE_MODULES = YES;
				CLANG_ENABLE_OBJC_ARC = YES;
				CLANG_ENABLE_OBJC_WEAK = YES;
				CLANG_WARN_BLOCK_CAPTURE_AUTORELEASING = YES;
				CLANG_WARN_BOOL_CONVERSION = YES;
				CLANG_WARN_COMMA = YES;
				CLANG_WARN_CONSTANT_CONVERSION = YES;
				CLANG_WARN_DEPRECATED_OBJC_IMPLEMENTATIONS = YES;
				CLANG_WARN_DIRECT_OBJC_ISA_USAGE = YES_ERROR;
				CLANG_WARN_DOCUMENTATION_COMMENTS = YES;
				CLANG_WARN_EMPTY_BODY = YES;
				CLANG_WARN_ENUM_CONVERSION = YES;
				CLANG_WARN_INFINITE_RECURSION = YES;
				CLANG_WARN_INT_CONVERSION = YES;
				CLANG_WARN_NON_LITERAL_NULL_CONVERSION = YES;
				CLANG_WARN_OBJC_IMPLICIT_RETAIN_SELF = YES;
				CLANG_WARN_OBJC_LITERAL_CONVERSION = YES;
				CLANG_WARN_OBJC_ROOT_CLASS = YES_ERROR;
				CLANG_WARN_RANGE_LOOP_ANALYSIS = YES;
				CLANG_WARN_STRICT_PROTOTYPES = YES;
				CLANG_WARN_SUSPICIOUS_MOVE = YES;
				CLANG_WARN_UNGUARDED_AVAILABILITY = YES_AGGRESSIVE;
				CLANG_WARN_UNREACHABLE_CODE = YES;
				CLANG_WARN__DUPLICATE_METHOD_MATCH = YES;
				COPY_PHASE_STRIP = NO;
				DEBUG_INFORMATION_FORMAT = dwarf;
				ENABLE_STRICT_OBJC_MSGSEND = YES;
				ENABLE_TESTABILITY = YES;
				GCC_C_LANGUAGE_STANDARD = gnu11;
				GCC_DYNAMIC_NO_PIC = NO;
				GCC_NO_COMMON_BLOCKS = YES;
				GCC_OPTIMIZATION_LEVEL = 0;
				GCC_PREPROCESSOR_DEFINITIONS = (
					"DEBUG=1",
					"$(inherited)",
				);
				GCC_WARN_64_TO_32_BIT_CONVERSION = YES;
				GCC_WARN_ABOUT_RETURN_TYPE = YES_ERROR;
				GCC_WARN_UNDECLARED_SELECTOR = YES;
				GCC_WARN_UNINITIALIZED_AUTOS = YES_AGGRESSIVE;
				GCC_WARN_UNUSED_FUNCTION = YES;
				GCC_WARN_UNUSED_VARIABLE = YES;
				IPHONEOS_DEPLOYMENT_TARGET = 13.2;
				MTL_ENABLE_DEBUG_INFO = INCLUDE_SOURCE;
				MTL_FAST_MATH = YES;
				ONLY_ACTIVE_ARCH = YES;
				SDKROOT = iphoneos;
			};
			name = Debug;
		};
		311BC34E2565F390000EC351 /* Release */ = {
			isa = XCBuildConfiguration;
			buildSettings = {
				ALWAYS_SEARCH_USER_PATHS = NO;
				CLANG_ANALYZER_NONNULL = YES;
				CLANG_ANALYZER_NUMBER_OBJECT_CONVERSION = YES_AGGRESSIVE;
				CLANG_CXX_LANGUAGE_STANDARD = "gnu++14";
				CLANG_CXX_LIBRARY = "libc++";
				CLANG_ENABLE_MODULES = YES;
				CLANG_ENABLE_OBJC_ARC = YES;
				CLANG_ENABLE_OBJC_WEAK = YES;
				CLANG_WARN_BLOCK_CAPTURE_AUTORELEASING = YES;
				CLANG_WARN_BOOL_CONVERSION = YES;
				CLANG_WARN_COMMA = YES;
				CLANG_WARN_CONSTANT_CONVERSION = YES;
				CLANG_WARN_DEPRECATED_OBJC_IMPLEMENTATIONS = YES;
				CLANG_WARN_DIRECT_OBJC_ISA_USAGE = YES_ERROR;
				CLANG_WARN_DOCUMENTATION_COMMENTS = YES;
				CLANG_WARN_EMPTY_BODY = YES;
				CLANG_WARN_ENUM_CONVERSION = YES;
				CLANG_WARN_INFINITE_RECURSION = YES;
				CLANG_WARN_INT_CONVERSION = YES;
				CLANG_WARN_NON_LITERAL_NULL_CONVERSION = YES;
				CLANG_WARN_OBJC_IMPLICIT_RETAIN_SELF = YES;
				CLANG_WARN_OBJC_LITERAL_CONVERSION = YES;
				CLANG_WARN_OBJC_ROOT_CLASS = YES_ERROR;
				CLANG_WARN_RANGE_LOOP_ANALYSIS = YES;
				CLANG_WARN_STRICT_PROTOTYPES = YES;
				CLANG_WARN_SUSPICIOUS_MOVE = YES;
				CLANG_WARN_UNGUARDED_AVAILABILITY = YES_AGGRESSIVE;
				CLANG_WARN_UNREACHABLE_CODE = YES;
				CLANG_WARN__DUPLICATE_METHOD_MATCH = YES;
				COPY_PHASE_STRIP = NO;
				DEBUG_INFORMATION_FORMAT = "dwarf-with-dsym";
				ENABLE_NS_ASSERTIONS = NO;
				ENABLE_STRICT_OBJC_MSGSEND = YES;
				GCC_C_LANGUAGE_STANDARD = gnu11;
				GCC_NO_COMMON_BLOCKS = YES;
				GCC_WARN_64_TO_32_BIT_CONVERSION = YES;
				GCC_WARN_ABOUT_RETURN_TYPE = YES_ERROR;
				GCC_WARN_UNDECLARED_SELECTOR = YES;
				GCC_WARN_UNINITIALIZED_AUTOS = YES_AGGRESSIVE;
				GCC_WARN_UNUSED_FUNCTION = YES;
				GCC_WARN_UNUSED_VARIABLE = YES;
				IPHONEOS_DEPLOYMENT_TARGET = 13.2;
				MTL_ENABLE_DEBUG_INFO = NO;
				MTL_FAST_MATH = YES;
				SDKROOT = iphoneos;
				VALIDATE_PRODUCT = YES;
			};
			name = Release;
		};
		311BC3502565F390000EC351 /* Debug */ = {
			isa = XCBuildConfiguration;
			buildSettings = {
				ASSETCATALOG_COMPILER_APPICON_NAME = AppIcon;
				CODE_SIGN_STYLE = Automatic;
				INFOPLIST_FILE = "多线程二刷Demo/Info.plist";
				LD_RUNPATH_SEARCH_PATHS = (
					"$(inherited)",
					"@executable_path/Frameworks",
				);
				PRODUCT_BUNDLE_IDENTIFIER = "com.fcf.test.-----Demo";
				PRODUCT_NAME = "$(TARGET_NAME)";
				TARGETED_DEVICE_FAMILY = "1,2";
			};
			name = Debug;
		};
		311BC3512565F390000EC351 /* Release */ = {
			isa = XCBuildConfiguration;
			buildSettings = {
				ASSETCATALOG_COMPILER_APPICON_NAME = AppIcon;
				CODE_SIGN_STYLE = Automatic;
				INFOPLIST_FILE = "多线程二刷Demo/Info.plist";
				LD_RUNPATH_SEARCH_PATHS = (
					"$(inherited)",
					"@executable_path/Frameworks",
				);
				PRODUCT_BUNDLE_IDENTIFIER = "com.fcf.test.-----Demo";
				PRODUCT_NAME = "$(TARGET_NAME)";
				TARGETED_DEVICE_FAMILY = "1,2";
			};
			name = Release;
		};
/* End XCBuildConfiguration section */

/* Begin XCConfigurationList section */
		311BC3312565F38F000EC351 /* Build configuration list for PBXProject "多线程二刷Demo" */ = {
			isa = XCConfigurationList;
			buildConfigurations = (
				311BC34D2565F390000EC351 /* Debug */,
				311BC34E2565F390000EC351 /* Release */,
			);
			defaultConfigurationIsVisible = 0;
			defaultConfigurationName = Release;
		};
		311BC34F2565F390000EC351 /* Build configuration list for PBXNativeTarget "多线程二刷Demo" */ = {
			isa = XCConfigurationList;
			buildConfigurations = (
				311BC3502565F390000EC351 /* Debug */,
				311BC3512565F390000EC351 /* Release */,
			);
			defaultConfigurationIsVisible = 0;
			defaultConfigurationName = Release;
		};
/* End XCConfigurationList section */
	};
	rootObject = 311BC32E2565F38F000EC351 /* Project object */;
}
