// !$*UTF8*$!
{
	archiveVersion = 1;
	classes = {
	};
	objectVersion = 50;
	objects = {

/* Begin PBXBuildFile section */
		311528BA24C6683000E547DD /* Dot.m in Sources */ = {isa = PBXBuildFile; fileRef = 311528B924C6683000E547DD /* Dot.m */; };
		311528BD24C66ABE00E547DD /* Stroke.m in Sources */ = {isa = PBXBuildFile; fileRef = 311528BC24C66ABE00E547DD /* Stroke.m */; };
		3115C89824C3D27200D0ECB0 /* AppDelegate.m in Sources */ = {isa = PBXBuildFile; fileRef = 3115C89724C3D27200D0ECB0 /* AppDelegate.m */; };
		3115C89B24C3D27200D0ECB0 /* SceneDelegate.m in Sources */ = {isa = PBXBuildFile; fileRef = 3115C89A24C3D27200D0ECB0 /* SceneDelegate.m */; };
		3115C89E24C3D27200D0ECB0 /* ViewController.m in Sources */ = {isa = PBXBuildFile; fileRef = 3115C89D24C3D27200D0ECB0 /* ViewController.m */; };
		3115C8A124C3D27200D0ECB0 /* Main.storyboard in Resources */ = {isa = PBXBuildFile; fileRef = 3115C89F24C3D27200D0ECB0 /* Main.storyboard */; };
		3115C8A324C3D27300D0ECB0 /* Assets.xcassets in Resources */ = {isa = PBXBuildFile; fileRef = 3115C8A224C3D27300D0ECB0 /* Assets.xcassets */; };
		3115C8A624C3D27300D0ECB0 /* LaunchScreen.storyboard in Resources */ = {isa = PBXBuildFile; fileRef = 3115C8A424C3D27300D0ECB0 /* LaunchScreen.storyboard */; };
		3115C8A924C3D27300D0ECB0 /* main.m in Sources */ = {isa = PBXBuildFile; fileRef = 3115C8A824C3D27300D0ECB0 /* main.m */; };
		31B7877E24C51C400008E8A2 /* Vertex.m in Sources */ = {isa = PBXBuildFile; fileRef = 31B7877D24C51C400008E8A2 /* Vertex.m */; };
/* End PBXBuildFile section */

/* Begin PBXFileReference section */
		311528B824C6683000E547DD /* Dot.h */ = {isa = PBXFileReference; lastKnownFileType = sourcecode.c.h; path = Dot.h; sourceTree = "<group>"; };
		311528B924C6683000E547DD /* Dot.m */ = {isa = PBXFileReference; lastKnownFileType = sourcecode.c.objc; path = Dot.m; sourceTree = "<group>"; };
		311528BB24C66ABE00E547DD /* Stroke.h */ = {isa = PBXFileReference; lastKnownFileType = sourcecode.c.h; path = Stroke.h; sourceTree = "<group>"; };
		311528BC24C66ABE00E547DD /* Stroke.m */ = {isa = PBXFileReference; lastKnownFileType = sourcecode.c.objc; path = Stroke.m; sourceTree = "<group>"; };
		3115C89324C3D27200D0ECB0 /* TouchPainter.app */ = {isa = PBXFileReference; explicitFileType = wrapper.application; includeInIndex = 0; path = TouchPainter.app; sourceTree = BUILT_PRODUCTS_DIR; };
		3115C89624C3D27200D0ECB0 /* AppDelegate.h */ = {isa = PBXFileReference; lastKnownFileType = sourcecode.c.h; path = AppDelegate.h; sourceTree = "<group>"; };
		3115C89724C3D27200D0ECB0 /* AppDelegate.m */ = {isa = PBXFileReference; lastKnownFileType = sourcecode.c.objc; path = AppDelegate.m; sourceTree = "<group>"; };
		3115C89924C3D27200D0ECB0 /* SceneDelegate.h */ = {isa = PBXFileReference; lastKnownFileType = sourcecode.c.h; path = SceneDelegate.h; sourceTree = "<group>"; };
		3115C89A24C3D27200D0ECB0 /* SceneDelegate.m */ = {isa = PBXFileReference; lastKnownFileType = sourcecode.c.objc; path = SceneDelegate.m; sourceTree = "<group>"; };
		3115C89C24C3D27200D0ECB0 /* ViewController.h */ = {isa = PBXFileReference; lastKnownFileType = sourcecode.c.h; path = ViewController.h; sourceTree = "<group>"; };
		3115C89D24C3D27200D0ECB0 /* ViewController.m */ = {isa = PBXFileReference; lastKnownFileType = sourcecode.c.objc; path = ViewController.m; sourceTree = "<group>"; };
		3115C8A024C3D27200D0ECB0 /* Base */ = {isa = PBXFileReference; lastKnownFileType = file.storyboard; name = Base; path = Base.lproj/Main.storyboard; sourceTree = "<group>"; };
		3115C8A224C3D27300D0ECB0 /* Assets.xcassets */ = {isa = PBXFileReference; lastKnownFileType = folder.assetcatalog; path = Assets.xcassets; sourceTree = "<group>"; };
		3115C8A524C3D27300D0ECB0 /* Base */ = {isa = PBXFileReference; lastKnownFileType = file.storyboard; name = Base; path = Base.lproj/LaunchScreen.storyboard; sourceTree = "<group>"; };
		3115C8A724C3D27300D0ECB0 /* Info.plist */ = {isa = PBXFileReference; lastKnownFileType = text.plist.xml; path = Info.plist; sourceTree = "<group>"; };
		3115C8A824C3D27300D0ECB0 /* main.m */ = {isa = PBXFileReference; lastKnownFileType = sourcecode.c.objc; path = main.m; sourceTree = "<group>"; };
		31B7877B24C518E20008E8A2 /* Mark.h */ = {isa = PBXFileReference; lastKnownFileType = sourcecode.c.h; path = Mark.h; sourceTree = "<group>"; };
		31B7877C24C51C400008E8A2 /* Vertex.h */ = {isa = PBXFileReference; lastKnownFileType = sourcecode.c.h; path = Vertex.h; sourceTree = "<group>"; };
		31B7877D24C51C400008E8A2 /* Vertex.m */ = {isa = PBXFileReference; lastKnownFileType = sourcecode.c.objc; path = Vertex.m; sourceTree = "<group>"; };
/* End PBXFileReference section */

/* Begin PBXFrameworksBuildPhase section */
		3115C89024C3D27200D0ECB0 /* Frameworks */ = {
			isa = PBXFrameworksBuildPhase;
			buildActionMask = 2147483647;
			files = (
			);
			runOnlyForDeploymentPostprocessing = 0;
		};
/* End PBXFrameworksBuildPhase section */

/* Begin PBXGroup section */
		3115C88A24C3D27200D0ECB0 = {
			isa = PBXGroup;
			children = (
				3115C89524C3D27200D0ECB0 /* TouchPainter */,
				3115C89424C3D27200D0ECB0 /* Products */,
			);
			sourceTree = "<group>";
		};
		3115C89424C3D27200D0ECB0 /* Products */ = {
			isa = PBXGroup;
			children = (
				3115C89324C3D27200D0ECB0 /* TouchPainter.app */,
			);
			name = Products;
			sourceTree = "<group>";
		};
		3115C89524C3D27200D0ECB0 /* TouchPainter */ = {
			isa = PBXGroup;
			children = (
				311A657724C5179A006A7895 /* Painter */,
				3115C89624C3D27200D0ECB0 /* AppDelegate.h */,
				3115C89724C3D27200D0ECB0 /* AppDelegate.m */,
				3115C89924C3D27200D0ECB0 /* SceneDelegate.h */,
				3115C89A24C3D27200D0ECB0 /* SceneDelegate.m */,
				3115C89C24C3D27200D0ECB0 /* ViewController.h */,
				3115C89D24C3D27200D0ECB0 /* ViewController.m */,
				3115C89F24C3D27200D0ECB0 /* Main.storyboard */,
				3115C8A224C3D27300D0ECB0 /* Assets.xcassets */,
				3115C8A424C3D27300D0ECB0 /* LaunchScreen.storyboard */,
				3115C8A724C3D27300D0ECB0 /* Info.plist */,
				3115C8A824C3D27300D0ECB0 /* main.m */,
			);
			path = TouchPainter;
			sourceTree = "<group>";
		};
		311A657724C5179A006A7895 /* Painter */ = {
			isa = PBXGroup;
			children = (
				31B7877B24C518E20008E8A2 /* Mark.h */,
				31B7877C24C51C400008E8A2 /* Vertex.h */,
				31B7877D24C51C400008E8A2 /* Vertex.m */,
				311528B824C6683000E547DD /* Dot.h */,
				311528B924C6683000E547DD /* Dot.m */,
				311528BB24C66ABE00E547DD /* Stroke.h */,
				311528BC24C66ABE00E547DD /* Stroke.m */,
			);
			path = Painter;
			sourceTree = "<group>";
		};
/* End PBXGroup section */

/* Begin PBXNativeTarget section */
		3115C89224C3D27200D0ECB0 /* TouchPainter */ = {
			isa = PBXNativeTarget;
			buildConfigurationList = 3115C8AC24C3D27300D0ECB0 /* Build configuration list for PBXNativeTarget "TouchPainter" */;
			buildPhases = (
				3115C88F24C3D27200D0ECB0 /* Sources */,
				3115C89024C3D27200D0ECB0 /* Frameworks */,
				3115C89124C3D27200D0ECB0 /* Resources */,
			);
			buildRules = (
			);
			dependencies = (
			);
			name = TouchPainter;
			productName = TouchPainter;
			productReference = 3115C89324C3D27200D0ECB0 /* TouchPainter.app */;
			productType = "com.apple.product-type.application";
		};
/* End PBXNativeTarget section */

/* Begin PBXProject section */
		3115C88B24C3D27200D0ECB0 /* Project object */ = {
			isa = PBXProject;
			attributes = {
				LastUpgradeCheck = 1130;
				ORGANIZATIONNAME = "冯才凡";
				TargetAttributes = {
					3115C89224C3D27200D0ECB0 = {
						CreatedOnToolsVersion = 11.3.1;
					};
				};
			};
			buildConfigurationList = 3115C88E24C3D27200D0ECB0 /* Build configuration list for PBXProject "TouchPainter" */;
			compatibilityVersion = "Xcode 9.3";
			developmentRegion = en;
			hasScannedForEncodings = 0;
			knownRegions = (
				en,
				Base,
			);
			mainGroup = 3115C88A24C3D27200D0ECB0;
			productRefGroup = 3115C89424C3D27200D0ECB0 /* Products */;
			projectDirPath = "";
			projectRoot = "";
			targets = (
				3115C89224C3D27200D0ECB0 /* TouchPainter */,
			);
		};
/* End PBXProject section */

/* Begin PBXResourcesBuildPhase section */
		3115C89124C3D27200D0ECB0 /* Resources */ = {
			isa = PBXResourcesBuildPhase;
			buildActionMask = 2147483647;
			files = (
				3115C8A624C3D27300D0ECB0 /* LaunchScreen.storyboard in Resources */,
				3115C8A324C3D27300D0ECB0 /* Assets.xcassets in Resources */,
				3115C8A124C3D27200D0ECB0 /* Main.storyboard in Resources */,
			);
			runOnlyForDeploymentPostprocessing = 0;
		};
/* End PBXResourcesBuildPhase section */

/* Begin PBXSourcesBuildPhase section */
		3115C88F24C3D27200D0ECB0 /* Sources */ = {
			isa = PBXSourcesBuildPhase;
			buildActionMask = 2147483647;
			files = (
				3115C89E24C3D27200D0ECB0 /* ViewController.m in Sources */,
				3115C89824C3D27200D0ECB0 /* AppDelegate.m in Sources */,
				31B7877E24C51C400008E8A2 /* Vertex.m in Sources */,
				311528BA24C6683000E547DD /* Dot.m in Sources */,
				3115C8A924C3D27300D0ECB0 /* main.m in Sources */,
				311528BD24C66ABE00E547DD /* Stroke.m in Sources */,
				3115C89B24C3D27200D0ECB0 /* SceneDelegate.m in Sources */,
			);
			runOnlyForDeploymentPostprocessing = 0;
		};
/* End PBXSourcesBuildPhase section */

/* Begin PBXVariantGroup section */
		3115C89F24C3D27200D0ECB0 /* Main.storyboard */ = {
			isa = PBXVariantGroup;
			children = (
				3115C8A024C3D27200D0ECB0 /* Base */,
			);
			name = Main.storyboard;
			sourceTree = "<group>";
		};
		3115C8A424C3D27300D0ECB0 /* LaunchScreen.storyboard */ = {
			isa = PBXVariantGroup;
			children = (
				3115C8A524C3D27300D0ECB0 /* Base */,
			);
			name = LaunchScreen.storyboard;
			sourceTree = "<group>";
		};
/* End PBXVariantGroup section */

/* Begin XCBuildConfiguration section */
		3115C8AA24C3D27300D0ECB0 /* Debug */ = {
			isa = XCBuildConfiguration;
			buildSettings = {
				ALWAYS_SEARCH_USER_PATHS = NO;
				CLANG_ANALYZER_NONNULL = YES;
				CLANG_ANALYZER_NUMBER_OBJECT_CONVERSION = YES_AGGRESSIVE;
				CLANG_CXX_LANGUAGE_STANDARD = "gnu++14";
				CLANG_CXX_LIBRARY = "libc++";
				CLANG_ENABLE_MODULES = YES;
				CLANG_ENABLE_OBJC_ARC = YES;
				CLANG_ENABLE_OBJC_WEAK = YES;
				CLANG_WARN_BLOCK_CAPTURE_AUTORELEASING = YES;
				CLANG_WARN_BOOL_CONVERSION = YES;
				CLANG_WARN_COMMA = YES;
				CLANG_WARN_CONSTANT_CONVERSION = YES;
				CLANG_WARN_DEPRECATED_OBJC_IMPLEMENTATIONS = YES;
				CLANG_WARN_DIRECT_OBJC_ISA_USAGE = YES_ERROR;
				CLANG_WARN_DOCUMENTATION_COMMENTS = YES;
				CLANG_WARN_EMPTY_BODY = YES;
				CLANG_WARN_ENUM_CONVERSION = YES;
				CLANG_WARN_INFINITE_RECURSION = YES;
				CLANG_WARN_INT_CONVERSION = YES;
				CLANG_WARN_NON_LITERAL_NULL_CONVERSION = YES;
				CLANG_WARN_OBJC_IMPLICIT_RETAIN_SELF = YES;
				CLANG_WARN_OBJC_LITERAL_CONVERSION = YES;
				CLANG_WARN_OBJC_ROOT_CLASS = YES_ERROR;
				CLANG_WARN_RANGE_LOOP_ANALYSIS = YES;
				CLANG_WARN_STRICT_PROTOTYPES = YES;
				CLANG_WARN_SUSPICIOUS_MOVE = YES;
				CLANG_WARN_UNGUARDED_AVAILABILITY = YES_AGGRESSIVE;
				CLANG_WARN_UNREACHABLE_CODE = YES;
				CLANG_WARN__DUPLICATE_METHOD_MATCH = YES;
				COPY_PHASE_STRIP = NO;
				DEBUG_INFORMATION_FORMAT = dwarf;
				ENABLE_STRICT_OBJC_MSGSEND = YES;
				ENABLE_TESTABILITY = YES;
				GCC_C_LANGUAGE_STANDARD = gnu11;
				GCC_DYNAMIC_NO_PIC = NO;
				GCC_NO_COMMON_BLOCKS = YES;
				GCC_OPTIMIZATION_LEVEL = 0;
				GCC_PREPROCESSOR_DEFINITIONS = (
					"DEBUG=1",
					"$(inherited)",
				);
				GCC_WARN_64_TO_32_BIT_CONVERSION = YES;
				GCC_WARN_ABOUT_RETURN_TYPE = YES_ERROR;
				GCC_WARN_UNDECLARED_SELECTOR = YES;
				GCC_WARN_UNINITIALIZED_AUTOS = YES_AGGRESSIVE;
				GCC_WARN_UNUSED_FUNCTION = YES;
				GCC_WARN_UNUSED_VARIABLE = YES;
				IPHONEOS_DEPLOYMENT_TARGET = 13.2;
				MTL_ENABLE_DEBUG_INFO = INCLUDE_SOURCE;
				MTL_FAST_MATH = YES;
				ONLY_ACTIVE_ARCH = YES;
				SDKROOT = iphoneos;
			};
			name = Debug;
		};
		3115C8AB24C3D27300D0ECB0 /* Release */ = {
			isa = XCBuildConfiguration;
			buildSettings = {
				ALWAYS_SEARCH_USER_PATHS = NO;
				CLANG_ANALYZER_NONNULL = YES;
				CLANG_ANALYZER_NUMBER_OBJECT_CONVERSION = YES_AGGRESSIVE;
				CLANG_CXX_LANGUAGE_STANDARD = "gnu++14";
				CLANG_CXX_LIBRARY = "libc++";
				CLANG_ENABLE_MODULES = YES;
				CLANG_ENABLE_OBJC_ARC = YES;
				CLANG_ENABLE_OBJC_WEAK = YES;
				CLANG_WARN_BLOCK_CAPTURE_AUTORELEASING = YES;
				CLANG_WARN_BOOL_CONVERSION = YES;
				CLANG_WARN_COMMA = YES;
				CLANG_WARN_CONSTANT_CONVERSION = YES;
				CLANG_WARN_DEPRECATED_OBJC_IMPLEMENTATIONS = YES;
				CLANG_WARN_DIRECT_OBJC_ISA_USAGE = YES_ERROR;
				CLANG_WARN_DOCUMENTATION_COMMENTS = YES;
				CLANG_WARN_EMPTY_BODY = YES;
				CLANG_WARN_ENUM_CONVERSION = YES;
				CLANG_WARN_INFINITE_RECURSION = YES;
				CLANG_WARN_INT_CONVERSION = YES;
				CLANG_WARN_NON_LITERAL_NULL_CONVERSION = YES;
				CLANG_WARN_OBJC_IMPLICIT_RETAIN_SELF = YES;
				CLANG_WARN_OBJC_LITERAL_CONVERSION = YES;
				CLANG_WARN_OBJC_ROOT_CLASS = YES_ERROR;
				CLANG_WARN_RANGE_LOOP_ANALYSIS = YES;
				CLANG_WARN_STRICT_PROTOTYPES = YES;
				CLANG_WARN_SUSPICIOUS_MOVE = YES;
				CLANG_WARN_UNGUARDED_AVAILABILITY = YES_AGGRESSIVE;
				CLANG_WARN_UNREACHABLE_CODE = YES;
				CLANG_WARN__DUPLICATE_METHOD_MATCH = YES;
				COPY_PHASE_STRIP = NO;
				DEBUG_INFORMATION_FORMAT = "dwarf-with-dsym";
				ENABLE_NS_ASSERTIONS = NO;
				ENABLE_STRICT_OBJC_MSGSEND = YES;
				GCC_C_LANGUAGE_STANDARD = gnu11;
				GCC_NO_COMMON_BLOCKS = YES;
				GCC_WARN_64_TO_32_BIT_CONVERSION = YES;
				GCC_WARN_ABOUT_RETURN_TYPE = YES_ERROR;
				GCC_WARN_UNDECLARED_SELECTOR = YES;
				GCC_WARN_UNINITIALIZED_AUTOS = YES_AGGRESSIVE;
				GCC_WARN_UNUSED_FUNCTION = YES;
				GCC_WARN_UNUSED_VARIABLE = YES;
				IPHONEOS_DEPLOYMENT_TARGET = 13.2;
				MTL_ENABLE_DEBUG_INFO = NO;
				MTL_FAST_MATH = YES;
				SDKROOT = iphoneos;
				VALIDATE_PRODUCT = YES;
			};
			name = Release;
		};
		3115C8AD24C3D27300D0ECB0 /* Debug */ = {
			isa = XCBuildConfiguration;
			buildSettings = {
				ASSETCATALOG_COMPILER_APPICON_NAME = AppIcon;
				CODE_SIGN_STYLE = Automatic;
				INFOPLIST_FILE = TouchPainter/Info.plist;
				LD_RUNPATH_SEARCH_PATHS = (
					"$(inherited)",
					"@executable_path/Frameworks",
				);
				PRODUCT_BUNDLE_IDENTIFIER = com.fcf.test.TouchPainter;
				PRODUCT_NAME = "$(TARGET_NAME)";
				TARGETED_DEVICE_FAMILY = "1,2";
			};
			name = Debug;
		};
		3115C8AE24C3D27300D0ECB0 /* Release */ = {
			isa = XCBuildConfiguration;
			buildSettings = {
				ASSETCATALOG_COMPILER_APPICON_NAME = AppIcon;
				CODE_SIGN_STYLE = Automatic;
				INFOPLIST_FILE = TouchPainter/Info.plist;
				LD_RUNPATH_SEARCH_PATHS = (
					"$(inherited)",
					"@executable_path/Frameworks",
				);
				PRODUCT_BUNDLE_IDENTIFIER = com.fcf.test.TouchPainter;
				PRODUCT_NAME = "$(TARGET_NAME)";
				TARGETED_DEVICE_FAMILY = "1,2";
			};
			name = Release;
		};
/* End XCBuildConfiguration section */

/* Begin XCConfigurationList section */
		3115C88E24C3D27200D0ECB0 /* Build configuration list for PBXProject "TouchPainter" */ = {
			isa = XCConfigurationList;
			buildConfigurations = (
				3115C8AA24C3D27300D0ECB0 /* Debug */,
				3115C8AB24C3D27300D0ECB0 /* Release */,
			);
			defaultConfigurationIsVisible = 0;
			defaultConfigurationName = Release;
		};
		3115C8AC24C3D27300D0ECB0 /* Build configuration list for PBXNativeTarget "TouchPainter" */ = {
			isa = XCConfigurationList;
			buildConfigurations = (
				3115C8AD24C3D27300D0ECB0 /* Debug */,
				3115C8AE24C3D27300D0ECB0 /* Release */,
			);
			defaultConfigurationIsVisible = 0;
			defaultConfigurationName = Release;
		};
/* End XCConfigurationList section */
	};
	rootObject = 3115C88B24C3D27200D0ECB0 /* Project object */;
}
