// !$*UTF8*$!
{
	archiveVersion = 1;
	classes = {
	};
	objectVersion = 50;
	objects = {

/* Begin PBXBuildFile section */
		310EB5C4247EC74C00C382D6 /* AppDelegate.m in Sources */ = {isa = PBXBuildFile; fileRef = 310EB5C3247EC74C00C382D6 /* AppDelegate.m */; };
		310EB5C7247EC74C00C382D6 /* SceneDelegate.m in Sources */ = {isa = PBXBuildFile; fileRef = 310EB5C6247EC74C00C382D6 /* SceneDelegate.m */; };
		310EB5CA247EC74C00C382D6 /* ViewController.m in Sources */ = {isa = PBXBuildFile; fileRef = 310EB5C9247EC74C00C382D6 /* ViewController.m */; };
		310EB5CD247EC74C00C382D6 /* Main.storyboard in Resources */ = {isa = PBXBuildFile; fileRef = 310EB5CB247EC74C00C382D6 /* Main.storyboard */; };
		310EB5CF247EC74D00C382D6 /* Assets.xcassets in Resources */ = {isa = PBXBuildFile; fileRef = 310EB5CE247EC74D00C382D6 /* Assets.xcassets */; };
		310EB5D2247EC74D00C382D6 /* LaunchScreen.storyboard in Resources */ = {isa = PBXBuildFile; fileRef = 310EB5D0247EC74D00C382D6 /* LaunchScreen.storyboard */; };
		310EB5D5247EC74D00C382D6 /* main.m in Sources */ = {isa = PBXBuildFile; fileRef = 310EB5D4247EC74D00C382D6 /* main.m */; };
		310EB5DD247EC7A500C382D6 /* ViewController+Category1.m in Sources */ = {isa = PBXBuildFile; fileRef = 310EB5DC247EC7A500C382D6 /* ViewController+Category1.m */; };
		310EB5E0247EC9B000C382D6 /* ViewController+Category2.m in Sources */ = {isa = PBXBuildFile; fileRef = 310EB5DF247EC9B000C382D6 /* ViewController+Category2.m */; };
/* End PBXBuildFile section */

/* Begin PBXFileReference section */
		310EB5BF247EC74C00C382D6 /* MethodSwizzedDemo.app */ = {isa = PBXFileReference; explicitFileType = wrapper.application; includeInIndex = 0; path = MethodSwizzedDemo.app; sourceTree = BUILT_PRODUCTS_DIR; };
		310EB5C2247EC74C00C382D6 /* AppDelegate.h */ = {isa = PBXFileReference; lastKnownFileType = sourcecode.c.h; path = AppDelegate.h; sourceTree = "<group>"; };
		310EB5C3247EC74C00C382D6 /* AppDelegate.m */ = {isa = PBXFileReference; lastKnownFileType = sourcecode.c.objc; path = AppDelegate.m; sourceTree = "<group>"; };
		310EB5C5247EC74C00C382D6 /* SceneDelegate.h */ = {isa = PBXFileReference; lastKnownFileType = sourcecode.c.h; path = SceneDelegate.h; sourceTree = "<group>"; };
		310EB5C6247EC74C00C382D6 /* SceneDelegate.m */ = {isa = PBXFileReference; lastKnownFileType = sourcecode.c.objc; path = SceneDelegate.m; sourceTree = "<group>"; };
		310EB5C8247EC74C00C382D6 /* ViewController.h */ = {isa = PBXFileReference; lastKnownFileType = sourcecode.c.h; path = ViewController.h; sourceTree = "<group>"; };
		310EB5C9247EC74C00C382D6 /* ViewController.m */ = {isa = PBXFileReference; lastKnownFileType = sourcecode.c.objc; path = ViewController.m; sourceTree = "<group>"; };
		310EB5CC247EC74C00C382D6 /* Base */ = {isa = PBXFileReference; lastKnownFileType = file.storyboard; name = Base; path = Base.lproj/Main.storyboard; sourceTree = "<group>"; };
		310EB5CE247EC74D00C382D6 /* Assets.xcassets */ = {isa = PBXFileReference; lastKnownFileType = folder.assetcatalog; path = Assets.xcassets; sourceTree = "<group>"; };
		310EB5D1247EC74D00C382D6 /* Base */ = {isa = PBXFileReference; lastKnownFileType = file.storyboard; name = Base; path = Base.lproj/LaunchScreen.storyboard; sourceTree = "<group>"; };
		310EB5D3247EC74D00C382D6 /* Info.plist */ = {isa = PBXFileReference; lastKnownFileType = text.plist.xml; path = Info.plist; sourceTree = "<group>"; };
		310EB5D4247EC74D00C382D6 /* main.m */ = {isa = PBXFileReference; lastKnownFileType = sourcecode.c.objc; path = main.m; sourceTree = "<group>"; };
		310EB5DB247EC7A500C382D6 /* ViewController+Category1.h */ = {isa = PBXFileReference; lastKnownFileType = sourcecode.c.h; path = "ViewController+Category1.h"; sourceTree = "<group>"; };
		310EB5DC247EC7A500C382D6 /* ViewController+Category1.m */ = {isa = PBXFileReference; lastKnownFileType = sourcecode.c.objc; path = "ViewController+Category1.m"; sourceTree = "<group>"; };
		310EB5DE247EC9B000C382D6 /* ViewController+Category2.h */ = {isa = PBXFileReference; lastKnownFileType = sourcecode.c.h; path = "ViewController+Category2.h"; sourceTree = "<group>"; };
		310EB5DF247EC9B000C382D6 /* ViewController+Category2.m */ = {isa = PBXFileReference; lastKnownFileType = sourcecode.c.objc; path = "ViewController+Category2.m"; sourceTree = "<group>"; };
/* End PBXFileReference section */

/* Begin PBXFrameworksBuildPhase section */
		310EB5BC247EC74C00C382D6 /* Frameworks */ = {
			isa = PBXFrameworksBuildPhase;
			buildActionMask = 2147483647;
			files = (
			);
			runOnlyForDeploymentPostprocessing = 0;
		};
/* End PBXFrameworksBuildPhase section */

/* Begin PBXGroup section */
		310EB5B6247EC74C00C382D6 = {
			isa = PBXGroup;
			children = (
				310EB5C1247EC74C00C382D6 /* MethodSwizzedDemo */,
				310EB5C0247EC74C00C382D6 /* Products */,
			);
			sourceTree = "<group>";
		};
		310EB5C0247EC74C00C382D6 /* Products */ = {
			isa = PBXGroup;
			children = (
				310EB5BF247EC74C00C382D6 /* MethodSwizzedDemo.app */,
			);
			name = Products;
			sourceTree = "<group>";
		};
		310EB5C1247EC74C00C382D6 /* MethodSwizzedDemo */ = {
			isa = PBXGroup;
			children = (
				310EB5C2247EC74C00C382D6 /* AppDelegate.h */,
				310EB5C3247EC74C00C382D6 /* AppDelegate.m */,
				310EB5C5247EC74C00C382D6 /* SceneDelegate.h */,
				310EB5C6247EC74C00C382D6 /* SceneDelegate.m */,
				310EB5C8247EC74C00C382D6 /* ViewController.h */,
				310EB5C9247EC74C00C382D6 /* ViewController.m */,
				310EB5DB247EC7A500C382D6 /* ViewController+Category1.h */,
				310EB5DC247EC7A500C382D6 /* ViewController+Category1.m */,
				310EB5DE247EC9B000C382D6 /* ViewController+Category2.h */,
				310EB5DF247EC9B000C382D6 /* ViewController+Category2.m */,
				310EB5CB247EC74C00C382D6 /* Main.storyboard */,
				310EB5CE247EC74D00C382D6 /* Assets.xcassets */,
				310EB5D0247EC74D00C382D6 /* LaunchScreen.storyboard */,
				310EB5D3247EC74D00C382D6 /* Info.plist */,
				310EB5D4247EC74D00C382D6 /* main.m */,
			);
			path = MethodSwizzedDemo;
			sourceTree = "<group>";
		};
/* End PBXGroup section */

/* Begin PBXNativeTarget section */
		310EB5BE247EC74C00C382D6 /* MethodSwizzedDemo */ = {
			isa = PBXNativeTarget;
			buildConfigurationList = 310EB5D8247EC74D00C382D6 /* Build configuration list for PBXNativeTarget "MethodSwizzedDemo" */;
			buildPhases = (
				310EB5BB247EC74C00C382D6 /* Sources */,
				310EB5BC247EC74C00C382D6 /* Frameworks */,
				310EB5BD247EC74C00C382D6 /* Resources */,
			);
			buildRules = (
			);
			dependencies = (
			);
			name = MethodSwizzedDemo;
			productName = MethodSwizzedDemo;
			productReference = 310EB5BF247EC74C00C382D6 /* MethodSwizzedDemo.app */;
			productType = "com.apple.product-type.application";
		};
/* End PBXNativeTarget section */

/* Begin PBXProject section */
		310EB5B7247EC74C00C382D6 /* Project object */ = {
			isa = PBXProject;
			attributes = {
				LastUpgradeCheck = 1130;
				ORGANIZATIONNAME = "冯才凡";
				TargetAttributes = {
					310EB5BE247EC74C00C382D6 = {
						CreatedOnToolsVersion = 11.3.1;
					};
				};
			};
			buildConfigurationList = 310EB5BA247EC74C00C382D6 /* Build configuration list for PBXProject "MethodSwizzedDemo" */;
			compatibilityVersion = "Xcode 9.3";
			developmentRegion = en;
			hasScannedForEncodings = 0;
			knownRegions = (
				en,
				Base,
			);
			mainGroup = 310EB5B6247EC74C00C382D6;
			productRefGroup = 310EB5C0247EC74C00C382D6 /* Products */;
			projectDirPath = "";
			projectRoot = "";
			targets = (
				310EB5BE247EC74C00C382D6 /* MethodSwizzedDemo */,
			);
		};
/* End PBXProject section */

/* Begin PBXResourcesBuildPhase section */
		310EB5BD247EC74C00C382D6 /* Resources */ = {
			isa = PBXResourcesBuildPhase;
			buildActionMask = 2147483647;
			files = (
				310EB5D2247EC74D00C382D6 /* LaunchScreen.storyboard in Resources */,
				310EB5CF247EC74D00C382D6 /* Assets.xcassets in Resources */,
				310EB5CD247EC74C00C382D6 /* Main.storyboard in Resources */,
			);
			runOnlyForDeploymentPostprocessing = 0;
		};
/* End PBXResourcesBuildPhase section */

/* Begin PBXSourcesBuildPhase section */
		310EB5BB247EC74C00C382D6 /* Sources */ = {
			isa = PBXSourcesBuildPhase;
			buildActionMask = 2147483647;
			files = (
				310EB5DD247EC7A500C382D6 /* ViewController+Category1.m in Sources */,
				310EB5CA247EC74C00C382D6 /* ViewController.m in Sources */,
				310EB5C4247EC74C00C382D6 /* AppDelegate.m in Sources */,
				310EB5D5247EC74D00C382D6 /* main.m in Sources */,
				310EB5C7247EC74C00C382D6 /* SceneDelegate.m in Sources */,
				310EB5E0247EC9B000C382D6 /* ViewController+Category2.m in Sources */,
			);
			runOnlyForDeploymentPostprocessing = 0;
		};
/* End PBXSourcesBuildPhase section */

/* Begin PBXVariantGroup section */
		310EB5CB247EC74C00C382D6 /* Main.storyboard */ = {
			isa = PBXVariantGroup;
			children = (
				310EB5CC247EC74C00C382D6 /* Base */,
			);
			name = Main.storyboard;
			sourceTree = "<group>";
		};
		310EB5D0247EC74D00C382D6 /* LaunchScreen.storyboard */ = {
			isa = PBXVariantGroup;
			children = (
				310EB5D1247EC74D00C382D6 /* Base */,
			);
			name = LaunchScreen.storyboard;
			sourceTree = "<group>";
		};
/* End PBXVariantGroup section */

/* Begin XCBuildConfiguration section */
		310EB5D6247EC74D00C382D6 /* Debug */ = {
			isa = XCBuildConfiguration;
			buildSettings = {
				ALWAYS_SEARCH_USER_PATHS = NO;
				CLANG_ANALYZER_NONNULL = YES;
				CLANG_ANALYZER_NUMBER_OBJECT_CONVERSION = YES_AGGRESSIVE;
				CLANG_CXX_LANGUAGE_STANDARD = "gnu++14";
				CLANG_CXX_LIBRARY = "libc++";
				CLANG_ENABLE_MODULES = YES;
				CLANG_ENABLE_OBJC_ARC = YES;
				CLANG_ENABLE_OBJC_WEAK = YES;
				CLANG_WARN_BLOCK_CAPTURE_AUTORELEASING = YES;
				CLANG_WARN_BOOL_CONVERSION = YES;
				CLANG_WARN_COMMA = YES;
				CLANG_WARN_CONSTANT_CONVERSION = YES;
				CLANG_WARN_DEPRECATED_OBJC_IMPLEMENTATIONS = YES;
				CLANG_WARN_DIRECT_OBJC_ISA_USAGE = YES_ERROR;
				CLANG_WARN_DOCUMENTATION_COMMENTS = YES;
				CLANG_WARN_EMPTY_BODY = YES;
				CLANG_WARN_ENUM_CONVERSION = YES;
				CLANG_WARN_INFINITE_RECURSION = YES;
				CLANG_WARN_INT_CONVERSION = YES;
				CLANG_WARN_NON_LITERAL_NULL_CONVERSION = YES;
				CLANG_WARN_OBJC_IMPLICIT_RETAIN_SELF = YES;
				CLANG_WARN_OBJC_LITERAL_CONVERSION = YES;
				CLANG_WARN_OBJC_ROOT_CLASS = YES_ERROR;
				CLANG_WARN_RANGE_LOOP_ANALYSIS = YES;
				CLANG_WARN_STRICT_PROTOTYPES = YES;
				CLANG_WARN_SUSPICIOUS_MOVE = YES;
				CLANG_WARN_UNGUARDED_AVAILABILITY = YES_AGGRESSIVE;
				CLANG_WARN_UNREACHABLE_CODE = YES;
				CLANG_WARN__DUPLICATE_METHOD_MATCH = YES;
				COPY_PHASE_STRIP = NO;
				DEBUG_INFORMATION_FORMAT = dwarf;
				ENABLE_STRICT_OBJC_MSGSEND = YES;
				ENABLE_TESTABILITY = YES;
				GCC_C_LANGUAGE_STANDARD = gnu11;
				GCC_DYNAMIC_NO_PIC = NO;
				GCC_NO_COMMON_BLOCKS = YES;
				GCC_OPTIMIZATION_LEVEL = 0;
				GCC_PREPROCESSOR_DEFINITIONS = (
					"DEBUG=1",
					"$(inherited)",
				);
				GCC_WARN_64_TO_32_BIT_CONVERSION = YES;
				GCC_WARN_ABOUT_RETURN_TYPE = YES_ERROR;
				GCC_WARN_UNDECLARED_SELECTOR = YES;
				GCC_WARN_UNINITIALIZED_AUTOS = YES_AGGRESSIVE;
				GCC_WARN_UNUSED_FUNCTION = YES;
				GCC_WARN_UNUSED_VARIABLE = YES;
				IPHONEOS_DEPLOYMENT_TARGET = 13.2;
				MTL_ENABLE_DEBUG_INFO = INCLUDE_SOURCE;
				MTL_FAST_MATH = YES;
				ONLY_ACTIVE_ARCH = YES;
				SDKROOT = iphoneos;
			};
			name = Debug;
		};
		310EB5D7247EC74D00C382D6 /* Release */ = {
			isa = XCBuildConfiguration;
			buildSettings = {
				ALWAYS_SEARCH_USER_PATHS = NO;
				CLANG_ANALYZER_NONNULL = YES;
				CLANG_ANALYZER_NUMBER_OBJECT_CONVERSION = YES_AGGRESSIVE;
				CLANG_CXX_LANGUAGE_STANDARD = "gnu++14";
				CLANG_CXX_LIBRARY = "libc++";
				CLANG_ENABLE_MODULES = YES;
				CLANG_ENABLE_OBJC_ARC = YES;
				CLANG_ENABLE_OBJC_WEAK = YES;
				CLANG_WARN_BLOCK_CAPTURE_AUTORELEASING = YES;
				CLANG_WARN_BOOL_CONVERSION = YES;
				CLANG_WARN_COMMA = YES;
				CLANG_WARN_CONSTANT_CONVERSION = YES;
				CLANG_WARN_DEPRECATED_OBJC_IMPLEMENTATIONS = YES;
				CLANG_WARN_DIRECT_OBJC_ISA_USAGE = YES_ERROR;
				CLANG_WARN_DOCUMENTATION_COMMENTS = YES;
				CLANG_WARN_EMPTY_BODY = YES;
				CLANG_WARN_ENUM_CONVERSION = YES;
				CLANG_WARN_INFINITE_RECURSION = YES;
				CLANG_WARN_INT_CONVERSION = YES;
				CLANG_WARN_NON_LITERAL_NULL_CONVERSION = YES;
				CLANG_WARN_OBJC_IMPLICIT_RETAIN_SELF = YES;
				CLANG_WARN_OBJC_LITERAL_CONVERSION = YES;
				CLANG_WARN_OBJC_ROOT_CLASS = YES_ERROR;
				CLANG_WARN_RANGE_LOOP_ANALYSIS = YES;
				CLANG_WARN_STRICT_PROTOTYPES = YES;
				CLANG_WARN_SUSPICIOUS_MOVE = YES;
				CLANG_WARN_UNGUARDED_AVAILABILITY = YES_AGGRESSIVE;
				CLANG_WARN_UNREACHABLE_CODE = YES;
				CLANG_WARN__DUPLICATE_METHOD_MATCH = YES;
				COPY_PHASE_STRIP = NO;
				DEBUG_INFORMATION_FORMAT = "dwarf-with-dsym";
				ENABLE_NS_ASSERTIONS = NO;
				ENABLE_STRICT_OBJC_MSGSEND = YES;
				GCC_C_LANGUAGE_STANDARD = gnu11;
				GCC_NO_COMMON_BLOCKS = YES;
				GCC_WARN_64_TO_32_BIT_CONVERSION = YES;
				GCC_WARN_ABOUT_RETURN_TYPE = YES_ERROR;
				GCC_WARN_UNDECLARED_SELECTOR = YES;
				GCC_WARN_UNINITIALIZED_AUTOS = YES_AGGRESSIVE;
				GCC_WARN_UNUSED_FUNCTION = YES;
				GCC_WARN_UNUSED_VARIABLE = YES;
				IPHONEOS_DEPLOYMENT_TARGET = 13.2;
				MTL_ENABLE_DEBUG_INFO = NO;
				MTL_FAST_MATH = YES;
				SDKROOT = iphoneos;
				VALIDATE_PRODUCT = YES;
			};
			name = Release;
		};
		310EB5D9247EC74D00C382D6 /* Debug */ = {
			isa = XCBuildConfiguration;
			buildSettings = {
				ASSETCATALOG_COMPILER_APPICON_NAME = AppIcon;
				CODE_SIGN_STYLE = Automatic;
				INFOPLIST_FILE = MethodSwizzedDemo/Info.plist;
				LD_RUNPATH_SEARCH_PATHS = (
					"$(inherited)",
					"@executable_path/Frameworks",
				);
				PRODUCT_BUNDLE_IDENTIFIER = com.fcf.test.MethodSwizzedDemo;
				PRODUCT_NAME = "$(TARGET_NAME)";
				TARGETED_DEVICE_FAMILY = "1,2";
			};
			name = Debug;
		};
		310EB5DA247EC74D00C382D6 /* Release */ = {
			isa = XCBuildConfiguration;
			buildSettings = {
				ASSETCATALOG_COMPILER_APPICON_NAME = AppIcon;
				CODE_SIGN_STYLE = Automatic;
				INFOPLIST_FILE = MethodSwizzedDemo/Info.plist;
				LD_RUNPATH_SEARCH_PATHS = (
					"$(inherited)",
					"@executable_path/Frameworks",
				);
				PRODUCT_BUNDLE_IDENTIFIER = com.fcf.test.MethodSwizzedDemo;
				PRODUCT_NAME = "$(TARGET_NAME)";
				TARGETED_DEVICE_FAMILY = "1,2";
			};
			name = Release;
		};
/* End XCBuildConfiguration section */

/* Begin XCConfigurationList section */
		310EB5BA247EC74C00C382D6 /* Build configuration list for PBXProject "MethodSwizzedDemo" */ = {
			isa = XCConfigurationList;
			buildConfigurations = (
				310EB5D6247EC74D00C382D6 /* Debug */,
				310EB5D7247EC74D00C382D6 /* Release */,
			);
			defaultConfigurationIsVisible = 0;
			defaultConfigurationName = Release;
		};
		310EB5D8247EC74D00C382D6 /* Build configuration list for PBXNativeTarget "MethodSwizzedDemo" */ = {
			isa = XCConfigurationList;
			buildConfigurations = (
				310EB5D9247EC74D00C382D6 /* Debug */,
				310EB5DA247EC74D00C382D6 /* Release */,
			);
			defaultConfigurationIsVisible = 0;
			defaultConfigurationName = Release;
		};
/* End XCConfigurationList section */
	};
	rootObject = 310EB5B7247EC74C00C382D6 /* Project object */;
}
