PODS:
  - RxCocoa (6.5.0):
    - RxRelay (= 6.5.0)
    - RxSwift (= 6.5.0)
  - RxRelay (6.5.0):
    - RxSwift (= 6.5.0)
  - RxSwift (6.5.0)
  - RxSwiftProgra (0.1.0):
    - RxCocoa (= 6.5.0)
    - RxSwift (= 6.5.0)

DEPENDENCIES:
  - RxSwiftProgra (from `../`)

SPEC REPOS:
  https://github.com/CocoaPods/specs.git:
    - RxCocoa
    - RxRelay
    - RxSwift

EXTERNAL SOURCES:
  RxSwiftProgra:
    :path: "../"

SPEC CHECKSUMS:
  RxCocoa: 94f817b71c07517321eb4f9ad299112ca8af743b
  RxRelay: 1de1523e604c72b6c68feadedd1af3b1b4d0ecbd
  RxSwift: 5710a9e6b17f3c3d6e40d6e559b9fa1e813b2ef8
  RxSwiftProgra: 1acaebd2ed9c1ff107332d4fbf7055e32ac6a81d

PODFILE CHECKSUM: 7585fd7f096ab76d470abe5479902aeb2ea80cec

COCOAPODS: 1.11.3
