// !$*UTF8*$!
{
	archiveVersion = 1;
	classes = {
	};
	objectVersion = 50;
	objects = {

/* Begin PBXBuildFile section */
		19095401221AADFC005EDA7B /* CheckRunLoopController.m in Sources */ = {isa = PBXBuildFile; fileRef = 190953FF221AADFC005EDA7B /* CheckRunLoopController.m */; };
		19095402221AADFC005EDA7B /* CheckRunLoopController.xib in Resources */ = {isa = PBXBuildFile; fileRef = 19095400221AADFC005EDA7B /* CheckRunLoopController.xib */; };
		19095406221AB326005EDA7B /* ImagesCell.m in Sources */ = {isa = PBXBuildFile; fileRef = 19095404221AB326005EDA7B /* ImagesCell.m */; };
		19095407221AB326005EDA7B /* ImagesCell.xib in Resources */ = {isa = PBXBuildFile; fileRef = 19095405221AB326005EDA7B /* ImagesCell.xib */; };
		1909540A221AB4C3005EDA7B /* CheckBlockManager.m in Sources */ = {isa = PBXBuildFile; fileRef = 19095409221AB4C3005EDA7B /* CheckBlockManager.m */; };
		1909540C221AC1D8005EDA7B /* CrashReporter.framework in Frameworks */ = {isa = PBXBuildFile; fileRef = 1909540B221AC1D8005EDA7B /* CrashReporter.framework */; };
		195E41492202986100B55F3B /* TestTableController.m in Sources */ = {isa = PBXBuildFile; fileRef = 195E41482202986100B55F3B /* TestTableController.m */; };
		195E414C22029A0300B55F3B /* ImgsCell.m in Sources */ = {isa = PBXBuildFile; fileRef = 195E414B22029A0300B55F3B /* ImgsCell.m */; };
		195E41572202D3ED00B55F3B /* 01.jpg in Resources */ = {isa = PBXBuildFile; fileRef = 195E414E2202D3EC00B55F3B /* 01.jpg */; };
		195E41582202D3ED00B55F3B /* 09.jpg in Resources */ = {isa = PBXBuildFile; fileRef = 195E414F2202D3EC00B55F3B /* 09.jpg */; };
		195E415C2202D3ED00B55F3B /* 04.jpg in Resources */ = {isa = PBXBuildFile; fileRef = 195E41532202D3EC00B55F3B /* 04.jpg */; };
		195E415D2202D3ED00B55F3B /* 06.jpg in Resources */ = {isa = PBXBuildFile; fileRef = 195E41542202D3EC00B55F3B /* 06.jpg */; };
		195E415E2202D3ED00B55F3B /* 02.jpg in Resources */ = {isa = PBXBuildFile; fileRef = 195E41552202D3EC00B55F3B /* 02.jpg */; };
		195E415F2202D3ED00B55F3B /* 05.jpg in Resources */ = {isa = PBXBuildFile; fileRef = 195E41562202D3ED00B55F3B /* 05.jpg */; };
		195E41612202D4F500B55F3B /* 03.jpg in Resources */ = {isa = PBXBuildFile; fileRef = 195E41602202D4F500B55F3B /* 03.jpg */; };
		195E41642202D50200B55F3B /* 08.jpg in Resources */ = {isa = PBXBuildFile; fileRef = 195E41622202D50100B55F3B /* 08.jpg */; };
		195E41672202D51000B55F3B /* 07.jpg in Resources */ = {isa = PBXBuildFile; fileRef = 195E41662202D51000B55F3B /* 07.jpg */; };
		195E41692202DBC100B55F3B /* rose.jpg in Resources */ = {isa = PBXBuildFile; fileRef = 195E41682202DBC100B55F3B /* rose.jpg */; };
		19761E8A21F97B3E00B4DBC3 /* AppDelegate.m in Sources */ = {isa = PBXBuildFile; fileRef = 19761E8921F97B3E00B4DBC3 /* AppDelegate.m */; };
		19761E8D21F97B3E00B4DBC3 /* ViewController.m in Sources */ = {isa = PBXBuildFile; fileRef = 19761E8C21F97B3E00B4DBC3 /* ViewController.m */; };
		19761E9021F97B3E00B4DBC3 /* Main.storyboard in Resources */ = {isa = PBXBuildFile; fileRef = 19761E8E21F97B3E00B4DBC3 /* Main.storyboard */; };
		19761E9221F97B4000B4DBC3 /* Assets.xcassets in Resources */ = {isa = PBXBuildFile; fileRef = 19761E9121F97B4000B4DBC3 /* Assets.xcassets */; };
		19761E9521F97B4000B4DBC3 /* LaunchScreen.storyboard in Resources */ = {isa = PBXBuildFile; fileRef = 19761E9321F97B4000B4DBC3 /* LaunchScreen.storyboard */; };
		19761E9821F97B4000B4DBC3 /* main.m in Sources */ = {isa = PBXBuildFile; fileRef = 19761E9721F97B4000B4DBC3 /* main.m */; };
/* End PBXBuildFile section */

/* Begin PBXFileReference section */
		190953FE221AADFC005EDA7B /* CheckRunLoopController.h */ = {isa = PBXFileReference; lastKnownFileType = sourcecode.c.h; path = CheckRunLoopController.h; sourceTree = "<group>"; };
		190953FF221AADFC005EDA7B /* CheckRunLoopController.m */ = {isa = PBXFileReference; lastKnownFileType = sourcecode.c.objc; path = CheckRunLoopController.m; sourceTree = "<group>"; };
		19095400221AADFC005EDA7B /* CheckRunLoopController.xib */ = {isa = PBXFileReference; lastKnownFileType = file.xib; path = CheckRunLoopController.xib; sourceTree = "<group>"; };
		19095403221AB326005EDA7B /* ImagesCell.h */ = {isa = PBXFileReference; lastKnownFileType = sourcecode.c.h; path = ImagesCell.h; sourceTree = "<group>"; };
		19095404221AB326005EDA7B /* ImagesCell.m */ = {isa = PBXFileReference; lastKnownFileType = sourcecode.c.objc; path = ImagesCell.m; sourceTree = "<group>"; };
		19095405221AB326005EDA7B /* ImagesCell.xib */ = {isa = PBXFileReference; lastKnownFileType = file.xib; path = ImagesCell.xib; sourceTree = "<group>"; };
		19095408221AB4C3005EDA7B /* CheckBlockManager.h */ = {isa = PBXFileReference; lastKnownFileType = sourcecode.c.h; path = CheckBlockManager.h; sourceTree = "<group>"; };
		19095409221AB4C3005EDA7B /* CheckBlockManager.m */ = {isa = PBXFileReference; lastKnownFileType = sourcecode.c.objc; path = CheckBlockManager.m; sourceTree = "<group>"; };
		1909540B221AC1D8005EDA7B /* CrashReporter.framework */ = {isa = PBXFileReference; lastKnownFileType = wrapper.framework; path = CrashReporter.framework; sourceTree = "<group>"; };
		195E41472202986100B55F3B /* TestTableController.h */ = {isa = PBXFileReference; lastKnownFileType = sourcecode.c.h; path = TestTableController.h; sourceTree = "<group>"; };
		195E41482202986100B55F3B /* TestTableController.m */ = {isa = PBXFileReference; lastKnownFileType = sourcecode.c.objc; path = TestTableController.m; sourceTree = "<group>"; };
		195E414A22029A0300B55F3B /* ImgsCell.h */ = {isa = PBXFileReference; lastKnownFileType = sourcecode.c.h; path = ImgsCell.h; sourceTree = "<group>"; };
		195E414B22029A0300B55F3B /* ImgsCell.m */ = {isa = PBXFileReference; lastKnownFileType = sourcecode.c.objc; path = ImgsCell.m; sourceTree = "<group>"; };
		195E414E2202D3EC00B55F3B /* 01.jpg */ = {isa = PBXFileReference; lastKnownFileType = image.jpeg; path = 01.jpg; sourceTree = "<group>"; };
		195E414F2202D3EC00B55F3B /* 09.jpg */ = {isa = PBXFileReference; lastKnownFileType = image.jpeg; path = 09.jpg; sourceTree = "<group>"; };
		195E41532202D3EC00B55F3B /* 04.jpg */ = {isa = PBXFileReference; lastKnownFileType = image.jpeg; path = 04.jpg; sourceTree = "<group>"; };
		195E41542202D3EC00B55F3B /* 06.jpg */ = {isa = PBXFileReference; lastKnownFileType = image.jpeg; path = 06.jpg; sourceTree = "<group>"; };
		195E41552202D3EC00B55F3B /* 02.jpg */ = {isa = PBXFileReference; lastKnownFileType = image.jpeg; path = 02.jpg; sourceTree = "<group>"; };
		195E41562202D3ED00B55F3B /* 05.jpg */ = {isa = PBXFileReference; lastKnownFileType = image.jpeg; path = 05.jpg; sourceTree = "<group>"; };
		195E41602202D4F500B55F3B /* 03.jpg */ = {isa = PBXFileReference; lastKnownFileType = image.jpeg; path = 03.jpg; sourceTree = "<group>"; };
		195E41622202D50100B55F3B /* 08.jpg */ = {isa = PBXFileReference; lastKnownFileType = image.jpeg; path = 08.jpg; sourceTree = "<group>"; };
		195E41662202D51000B55F3B /* 07.jpg */ = {isa = PBXFileReference; lastKnownFileType = image.jpeg; path = 07.jpg; sourceTree = "<group>"; };
		195E41682202DBC100B55F3B /* rose.jpg */ = {isa = PBXFileReference; lastKnownFileType = image.jpeg; path = rose.jpg; sourceTree = "<group>"; };
		19761E8521F97B3E00B4DBC3 /* RunloopDemos.app */ = {isa = PBXFileReference; explicitFileType = wrapper.application; includeInIndex = 0; path = RunloopDemos.app; sourceTree = BUILT_PRODUCTS_DIR; };
		19761E8821F97B3E00B4DBC3 /* AppDelegate.h */ = {isa = PBXFileReference; lastKnownFileType = sourcecode.c.h; path = AppDelegate.h; sourceTree = "<group>"; };
		19761E8921F97B3E00B4DBC3 /* AppDelegate.m */ = {isa = PBXFileReference; lastKnownFileType = sourcecode.c.objc; path = AppDelegate.m; sourceTree = "<group>"; };
		19761E8B21F97B3E00B4DBC3 /* ViewController.h */ = {isa = PBXFileReference; lastKnownFileType = sourcecode.c.h; path = ViewController.h; sourceTree = "<group>"; };
		19761E8C21F97B3E00B4DBC3 /* ViewController.m */ = {isa = PBXFileReference; lastKnownFileType = sourcecode.c.objc; path = ViewController.m; sourceTree = "<group>"; };
		19761E8F21F97B3E00B4DBC3 /* Base */ = {isa = PBXFileReference; lastKnownFileType = file.storyboard; name = Base; path = Base.lproj/Main.storyboard; sourceTree = "<group>"; };
		19761E9121F97B4000B4DBC3 /* Assets.xcassets */ = {isa = PBXFileReference; lastKnownFileType = folder.assetcatalog; path = Assets.xcassets; sourceTree = "<group>"; };
		19761E9421F97B4000B4DBC3 /* Base */ = {isa = PBXFileReference; lastKnownFileType = file.storyboard; name = Base; path = Base.lproj/LaunchScreen.storyboard; sourceTree = "<group>"; };
		19761E9621F97B4000B4DBC3 /* Info.plist */ = {isa = PBXFileReference; lastKnownFileType = text.plist.xml; path = Info.plist; sourceTree = "<group>"; };
		19761E9721F97B4000B4DBC3 /* main.m */ = {isa = PBXFileReference; lastKnownFileType = sourcecode.c.objc; path = main.m; sourceTree = "<group>"; };
/* End PBXFileReference section */

/* Begin PBXFrameworksBuildPhase section */
		19761E8221F97B3E00B4DBC3 /* Frameworks */ = {
			isa = PBXFrameworksBuildPhase;
			buildActionMask = 2147483647;
			files = (
				1909540C221AC1D8005EDA7B /* CrashReporter.framework in Frameworks */,
			);
			runOnlyForDeploymentPostprocessing = 0;
		};
/* End PBXFrameworksBuildPhase section */

/* Begin PBXGroup section */
		19761E7C21F97B3E00B4DBC3 = {
			isa = PBXGroup;
			children = (
				19761E8721F97B3E00B4DBC3 /* RunloopDemos */,
				19761E8621F97B3E00B4DBC3 /* Products */,
			);
			sourceTree = "<group>";
		};
		19761E8621F97B3E00B4DBC3 /* Products */ = {
			isa = PBXGroup;
			children = (
				19761E8521F97B3E00B4DBC3 /* RunloopDemos.app */,
			);
			name = Products;
			sourceTree = "<group>";
		};
		19761E8721F97B3E00B4DBC3 /* RunloopDemos */ = {
			isa = PBXGroup;
			children = (
				1909540B221AC1D8005EDA7B /* CrashReporter.framework */,
				195E41682202DBC100B55F3B /* rose.jpg */,
				195E414E2202D3EC00B55F3B /* 01.jpg */,
				195E41552202D3EC00B55F3B /* 02.jpg */,
				195E41602202D4F500B55F3B /* 03.jpg */,
				195E41532202D3EC00B55F3B /* 04.jpg */,
				195E41562202D3ED00B55F3B /* 05.jpg */,
				195E41542202D3EC00B55F3B /* 06.jpg */,
				195E41662202D51000B55F3B /* 07.jpg */,
				195E41622202D50100B55F3B /* 08.jpg */,
				195E414F2202D3EC00B55F3B /* 09.jpg */,
				19761E8821F97B3E00B4DBC3 /* AppDelegate.h */,
				19761E8921F97B3E00B4DBC3 /* AppDelegate.m */,
				19761E8B21F97B3E00B4DBC3 /* ViewController.h */,
				19761E8C21F97B3E00B4DBC3 /* ViewController.m */,
				195E41472202986100B55F3B /* TestTableController.h */,
				195E41482202986100B55F3B /* TestTableController.m */,
				190953FE221AADFC005EDA7B /* CheckRunLoopController.h */,
				190953FF221AADFC005EDA7B /* CheckRunLoopController.m */,
				19095400221AADFC005EDA7B /* CheckRunLoopController.xib */,
				19095403221AB326005EDA7B /* ImagesCell.h */,
				19095404221AB326005EDA7B /* ImagesCell.m */,
				19095405221AB326005EDA7B /* ImagesCell.xib */,
				195E414A22029A0300B55F3B /* ImgsCell.h */,
				195E414B22029A0300B55F3B /* ImgsCell.m */,
				19761E8E21F97B3E00B4DBC3 /* Main.storyboard */,
				19095408221AB4C3005EDA7B /* CheckBlockManager.h */,
				19095409221AB4C3005EDA7B /* CheckBlockManager.m */,
				19761E9121F97B4000B4DBC3 /* Assets.xcassets */,
				19761E9321F97B4000B4DBC3 /* LaunchScreen.storyboard */,
				19761E9621F97B4000B4DBC3 /* Info.plist */,
				19761E9721F97B4000B4DBC3 /* main.m */,
			);
			path = RunloopDemos;
			sourceTree = "<group>";
		};
/* End PBXGroup section */

/* Begin PBXNativeTarget section */
		19761E8421F97B3E00B4DBC3 /* RunloopDemos */ = {
			isa = PBXNativeTarget;
			buildConfigurationList = 19761E9B21F97B4000B4DBC3 /* Build configuration list for PBXNativeTarget "RunloopDemos" */;
			buildPhases = (
				19761E8121F97B3E00B4DBC3 /* Sources */,
				19761E8221F97B3E00B4DBC3 /* Frameworks */,
				19761E8321F97B3E00B4DBC3 /* Resources */,
			);
			buildRules = (
			);
			dependencies = (
			);
			name = RunloopDemos;
			productName = RunloopDemos;
			productReference = 19761E8521F97B3E00B4DBC3 /* RunloopDemos.app */;
			productType = "com.apple.product-type.application";
		};
/* End PBXNativeTarget section */

/* Begin PBXProject section */
		19761E7D21F97B3E00B4DBC3 /* Project object */ = {
			isa = PBXProject;
			attributes = {
				LastUpgradeCheck = 1010;
				ORGANIZATIONNAME = "冯才凡";
				TargetAttributes = {
					19761E8421F97B3E00B4DBC3 = {
						CreatedOnToolsVersion = 10.1;
					};
				};
			};
			buildConfigurationList = 19761E8021F97B3E00B4DBC3 /* Build configuration list for PBXProject "RunloopDemos" */;
			compatibilityVersion = "Xcode 9.3";
			developmentRegion = en;
			hasScannedForEncodings = 0;
			knownRegions = (
				en,
				Base,
			);
			mainGroup = 19761E7C21F97B3E00B4DBC3;
			productRefGroup = 19761E8621F97B3E00B4DBC3 /* Products */;
			projectDirPath = "";
			projectRoot = "";
			targets = (
				19761E8421F97B3E00B4DBC3 /* RunloopDemos */,
			);
		};
/* End PBXProject section */

/* Begin PBXResourcesBuildPhase section */
		19761E8321F97B3E00B4DBC3 /* Resources */ = {
			isa = PBXResourcesBuildPhase;
			buildActionMask = 2147483647;
			files = (
				195E41612202D4F500B55F3B /* 03.jpg in Resources */,
				195E41582202D3ED00B55F3B /* 09.jpg in Resources */,
				195E41642202D50200B55F3B /* 08.jpg in Resources */,
				19095407221AB326005EDA7B /* ImagesCell.xib in Resources */,
				19761E9521F97B4000B4DBC3 /* LaunchScreen.storyboard in Resources */,
				19761E9221F97B4000B4DBC3 /* Assets.xcassets in Resources */,
				195E415D2202D3ED00B55F3B /* 06.jpg in Resources */,
				195E415C2202D3ED00B55F3B /* 04.jpg in Resources */,
				195E41572202D3ED00B55F3B /* 01.jpg in Resources */,
				195E41672202D51000B55F3B /* 07.jpg in Resources */,
				19761E9021F97B3E00B4DBC3 /* Main.storyboard in Resources */,
				19095402221AADFC005EDA7B /* CheckRunLoopController.xib in Resources */,
				195E415E2202D3ED00B55F3B /* 02.jpg in Resources */,
				195E41692202DBC100B55F3B /* rose.jpg in Resources */,
				195E415F2202D3ED00B55F3B /* 05.jpg in Resources */,
			);
			runOnlyForDeploymentPostprocessing = 0;
		};
/* End PBXResourcesBuildPhase section */

/* Begin PBXSourcesBuildPhase section */
		19761E8121F97B3E00B4DBC3 /* Sources */ = {
			isa = PBXSourcesBuildPhase;
			buildActionMask = 2147483647;
			files = (
				195E41492202986100B55F3B /* TestTableController.m in Sources */,
				19761E8D21F97B3E00B4DBC3 /* ViewController.m in Sources */,
				1909540A221AB4C3005EDA7B /* CheckBlockManager.m in Sources */,
				19761E9821F97B4000B4DBC3 /* main.m in Sources */,
				19761E8A21F97B3E00B4DBC3 /* AppDelegate.m in Sources */,
				19095406221AB326005EDA7B /* ImagesCell.m in Sources */,
				19095401221AADFC005EDA7B /* CheckRunLoopController.m in Sources */,
				195E414C22029A0300B55F3B /* ImgsCell.m in Sources */,
			);
			runOnlyForDeploymentPostprocessing = 0;
		};
/* End PBXSourcesBuildPhase section */

/* Begin PBXVariantGroup section */
		19761E8E21F97B3E00B4DBC3 /* Main.storyboard */ = {
			isa = PBXVariantGroup;
			children = (
				19761E8F21F97B3E00B4DBC3 /* Base */,
			);
			name = Main.storyboard;
			sourceTree = "<group>";
		};
		19761E9321F97B4000B4DBC3 /* LaunchScreen.storyboard */ = {
			isa = PBXVariantGroup;
			children = (
				19761E9421F97B4000B4DBC3 /* Base */,
			);
			name = LaunchScreen.storyboard;
			sourceTree = "<group>";
		};
/* End PBXVariantGroup section */

/* Begin XCBuildConfiguration section */
		19761E9921F97B4000B4DBC3 /* Debug */ = {
			isa = XCBuildConfiguration;
			buildSettings = {
				ALWAYS_SEARCH_USER_PATHS = NO;
				CLANG_ANALYZER_NONNULL = YES;
				CLANG_ANALYZER_NUMBER_OBJECT_CONVERSION = YES_AGGRESSIVE;
				CLANG_CXX_LANGUAGE_STANDARD = "gnu++14";
				CLANG_CXX_LIBRARY = "libc++";
				CLANG_ENABLE_MODULES = YES;
				CLANG_ENABLE_OBJC_ARC = YES;
				CLANG_ENABLE_OBJC_WEAK = YES;
				CLANG_WARN_BLOCK_CAPTURE_AUTORELEASING = YES;
				CLANG_WARN_BOOL_CONVERSION = YES;
				CLANG_WARN_COMMA = YES;
				CLANG_WARN_CONSTANT_CONVERSION = YES;
				CLANG_WARN_DEPRECATED_OBJC_IMPLEMENTATIONS = YES;
				CLANG_WARN_DIRECT_OBJC_ISA_USAGE = YES_ERROR;
				CLANG_WARN_DOCUMENTATION_COMMENTS = YES;
				CLANG_WARN_EMPTY_BODY = YES;
				CLANG_WARN_ENUM_CONVERSION = YES;
				CLANG_WARN_INFINITE_RECURSION = YES;
				CLANG_WARN_INT_CONVERSION = YES;
				CLANG_WARN_NON_LITERAL_NULL_CONVERSION = YES;
				CLANG_WARN_OBJC_IMPLICIT_RETAIN_SELF = YES;
				CLANG_WARN_OBJC_LITERAL_CONVERSION = YES;
				CLANG_WARN_OBJC_ROOT_CLASS = YES_ERROR;
				CLANG_WARN_RANGE_LOOP_ANALYSIS = YES;
				CLANG_WARN_STRICT_PROTOTYPES = YES;
				CLANG_WARN_SUSPICIOUS_MOVE = YES;
				CLANG_WARN_UNGUARDED_AVAILABILITY = YES_AGGRESSIVE;
				CLANG_WARN_UNREACHABLE_CODE = YES;
				CLANG_WARN__DUPLICATE_METHOD_MATCH = YES;
				CODE_SIGN_IDENTITY = "iPhone Developer";
				COPY_PHASE_STRIP = NO;
				DEBUG_INFORMATION_FORMAT = dwarf;
				ENABLE_STRICT_OBJC_MSGSEND = YES;
				ENABLE_TESTABILITY = YES;
				GCC_C_LANGUAGE_STANDARD = gnu11;
				GCC_DYNAMIC_NO_PIC = NO;
				GCC_NO_COMMON_BLOCKS = YES;
				GCC_OPTIMIZATION_LEVEL = 0;
				GCC_PREPROCESSOR_DEFINITIONS = (
					"DEBUG=1",
					"$(inherited)",
				);
				GCC_WARN_64_TO_32_BIT_CONVERSION = YES;
				GCC_WARN_ABOUT_RETURN_TYPE = YES_ERROR;
				GCC_WARN_UNDECLARED_SELECTOR = YES;
				GCC_WARN_UNINITIALIZED_AUTOS = YES_AGGRESSIVE;
				GCC_WARN_UNUSED_FUNCTION = YES;
				GCC_WARN_UNUSED_VARIABLE = YES;
				IPHONEOS_DEPLOYMENT_TARGET = 12.1;
				MTL_ENABLE_DEBUG_INFO = INCLUDE_SOURCE;
				MTL_FAST_MATH = YES;
				ONLY_ACTIVE_ARCH = YES;
				SDKROOT = iphoneos;
			};
			name = Debug;
		};
		19761E9A21F97B4000B4DBC3 /* Release */ = {
			isa = XCBuildConfiguration;
			buildSettings = {
				ALWAYS_SEARCH_USER_PATHS = NO;
				CLANG_ANALYZER_NONNULL = YES;
				CLANG_ANALYZER_NUMBER_OBJECT_CONVERSION = YES_AGGRESSIVE;
				CLANG_CXX_LANGUAGE_STANDARD = "gnu++14";
				CLANG_CXX_LIBRARY = "libc++";
				CLANG_ENABLE_MODULES = YES;
				CLANG_ENABLE_OBJC_ARC = YES;
				CLANG_ENABLE_OBJC_WEAK = YES;
				CLANG_WARN_BLOCK_CAPTURE_AUTORELEASING = YES;
				CLANG_WARN_BOOL_CONVERSION = YES;
				CLANG_WARN_COMMA = YES;
				CLANG_WARN_CONSTANT_CONVERSION = YES;
				CLANG_WARN_DEPRECATED_OBJC_IMPLEMENTATIONS = YES;
				CLANG_WARN_DIRECT_OBJC_ISA_USAGE = YES_ERROR;
				CLANG_WARN_DOCUMENTATION_COMMENTS = YES;
				CLANG_WARN_EMPTY_BODY = YES;
				CLANG_WARN_ENUM_CONVERSION = YES;
				CLANG_WARN_INFINITE_RECURSION = YES;
				CLANG_WARN_INT_CONVERSION = YES;
				CLANG_WARN_NON_LITERAL_NULL_CONVERSION = YES;
				CLANG_WARN_OBJC_IMPLICIT_RETAIN_SELF = YES;
				CLANG_WARN_OBJC_LITERAL_CONVERSION = YES;
				CLANG_WARN_OBJC_ROOT_CLASS = YES_ERROR;
				CLANG_WARN_RANGE_LOOP_ANALYSIS = YES;
				CLANG_WARN_STRICT_PROTOTYPES = YES;
				CLANG_WARN_SUSPICIOUS_MOVE = YES;
				CLANG_WARN_UNGUARDED_AVAILABILITY = YES_AGGRESSIVE;
				CLANG_WARN_UNREACHABLE_CODE = YES;
				CLANG_WARN__DUPLICATE_METHOD_MATCH = YES;
				CODE_SIGN_IDENTITY = "iPhone Developer";
				COPY_PHASE_STRIP = NO;
				DEBUG_INFORMATION_FORMAT = "dwarf-with-dsym";
				ENABLE_NS_ASSERTIONS = NO;
				ENABLE_STRICT_OBJC_MSGSEND = YES;
				GCC_C_LANGUAGE_STANDARD = gnu11;
				GCC_NO_COMMON_BLOCKS = YES;
				GCC_WARN_64_TO_32_BIT_CONVERSION = YES;
				GCC_WARN_ABOUT_RETURN_TYPE = YES_ERROR;
				GCC_WARN_UNDECLARED_SELECTOR = YES;
				GCC_WARN_UNINITIALIZED_AUTOS = YES_AGGRESSIVE;
				GCC_WARN_UNUSED_FUNCTION = YES;
				GCC_WARN_UNUSED_VARIABLE = YES;
				IPHONEOS_DEPLOYMENT_TARGET = 12.1;
				MTL_ENABLE_DEBUG_INFO = NO;
				MTL_FAST_MATH = YES;
				SDKROOT = iphoneos;
				VALIDATE_PRODUCT = YES;
			};
			name = Release;
		};
		19761E9C21F97B4000B4DBC3 /* Debug */ = {
			isa = XCBuildConfiguration;
			buildSettings = {
				ASSETCATALOG_COMPILER_APPICON_NAME = AppIcon;
				CODE_SIGN_STYLE = Automatic;
				DEVELOPMENT_TEAM = ADX9ZP8Q93;
				FRAMEWORK_SEARCH_PATHS = (
					"$(inherited)",
					"$(PROJECT_DIR)/RunloopDemos",
				);
				INFOPLIST_FILE = RunloopDemos/Info.plist;
				LD_RUNPATH_SEARCH_PATHS = (
					"$(inherited)",
					"@executable_path/Frameworks",
				);
				PRODUCT_BUNDLE_IDENTIFIER = fcf.com.RunloopDemos;
				PRODUCT_NAME = "$(TARGET_NAME)";
				TARGETED_DEVICE_FAMILY = "1,2";
			};
			name = Debug;
		};
		19761E9D21F97B4000B4DBC3 /* Release */ = {
			isa = XCBuildConfiguration;
			buildSettings = {
				ASSETCATALOG_COMPILER_APPICON_NAME = AppIcon;
				CODE_SIGN_STYLE = Automatic;
				DEVELOPMENT_TEAM = ADX9ZP8Q93;
				FRAMEWORK_SEARCH_PATHS = (
					"$(inherited)",
					"$(PROJECT_DIR)/RunloopDemos",
				);
				INFOPLIST_FILE = RunloopDemos/Info.plist;
				LD_RUNPATH_SEARCH_PATHS = (
					"$(inherited)",
					"@executable_path/Frameworks",
				);
				PRODUCT_BUNDLE_IDENTIFIER = fcf.com.RunloopDemos;
				PRODUCT_NAME = "$(TARGET_NAME)";
				TARGETED_DEVICE_FAMILY = "1,2";
			};
			name = Release;
		};
/* End XCBuildConfiguration section */

/* Begin XCConfigurationList section */
		19761E8021F97B3E00B4DBC3 /* Build configuration list for PBXProject "RunloopDemos" */ = {
			isa = XCConfigurationList;
			buildConfigurations = (
				19761E9921F97B4000B4DBC3 /* Debug */,
				19761E9A21F97B4000B4DBC3 /* Release */,
			);
			defaultConfigurationIsVisible = 0;
			defaultConfigurationName = Release;
		};
		19761E9B21F97B4000B4DBC3 /* Build configuration list for PBXNativeTarget "RunloopDemos" */ = {
			isa = XCConfigurationList;
			buildConfigurations = (
				19761E9C21F97B4000B4DBC3 /* Debug */,
				19761E9D21F97B4000B4DBC3 /* Release */,
			);
			defaultConfigurationIsVisible = 0;
			defaultConfigurationName = Release;
		};
/* End XCConfigurationList section */
	};
	rootObject = 19761E7D21F97B3E00B4DBC3 /* Project object */;
}
